# This file was autogenerated by Stack.
# You should not edit this file by hand.
# For more information, please see the documentation at:
#   https://docs.haskellstack.org/en/stable/lock_files

packages:
- completed:
    size: 4412
    url: https://github.com/magnus108/photoPolysemy/archive/master/latest.tar.gz
    cabal-file:
      size: 1680
      sha256: 147ae1a1af76a6f43051c52c0118bd0b4d58174a5bbd5beb3eb12005759e5e6c
    name: photoPolysemy
    version: 0.1.0.0
    sha256: d73247a7e444749a6c5792c8f49cd4838ee7e0b830d03b26741f290d48678b07
    pantry-tree:
      size: 1056
      sha256: 38369bd6b86799ea00f6e090a09f6df9e9e617b074445d126a93c6da8d35087e
  original:
    url: https://github.com/magnus108/photoPolysemy/archive/master/latest.tar.gz
snapshots:
- completed:
    size: 524163
    url: https://raw.githubusercontent.com/commercialhaskell/stackage-snapshots/master/lts/14/25.yaml
    sha256: 97548b4e927a8a862d4a203687ca18a3f5d2ae75b4b72c946fb29c17df1a5082
  original: lts-14.25
